
Microsoft Visual Studio Solution File, Format Version 12.00
# Visual Studio Version 16
VisualStudioVersion = 16.0.29728.190
MinimumVisualStudioVersion = 10.0.40219.1
Project("{FAE04EC0-301F-11D3-BF4B-00C04F79EFBC}") = "1C_Data_Exchange", "1C_Data_Exchange.csproj", "{390591D4-73A3-497D-879F-C0E4E71561BC}"
EndProject
Global
	GlobalSection(SolutionConfigurationPlatforms) = preSolution
		Debug|Any CPU = Debug|Any CPU
		Release|Any CPU = Release|Any CPU
	EndGlobalSection
	GlobalSection(ProjectConfigurationPlatforms) = postSolution
		{390591D4-73A3-497D-879F-C0E4E71561BC}.Debug|Any CPU.ActiveCfg = Debug|Any CPU
		{390591D4-73A3-497D-879F-C0E4E71561BC}.Debug|Any CPU.Build.0 = Debug|Any CPU
		{390591D4-73A3-497D-879F-C0E4E71561BC}.Release|Any CPU.ActiveCfg = Release|Any CPU
		{390591D4-73A3-497D-879F-C0E4E71561BC}.Release|Any CPU.Build.0 = Release|Any CPU
	EndGlobalSection
	GlobalSection(SolutionProperties) = preSolution
		HideSolutionNode = FALSE
	EndGlobalSection
	GlobalSection(ExtensibilityGlobals) = postSolution
		SolutionGuid = {1D531AD1-CC42-42F5-9358-5B28547DCCE6}
	EndGlobalSection
EndGlobal
